// !$*UTF8*$!
{
	archiveVersion = 1;
	classes = {
	};
	objectVersion = 45;
	objects = {

/* Begin PBXBuildFile section */
		1DDD58160DA1D0A300B32029 /* MainMenu.xib in Resources */ = {isa = PBXBuildFile; fileRef = 1DDD58140DA1D0A300B32029 /* MainMenu.xib */; };
		400E63AA1208B6930070AACD /* preferences.xib in Resources */ = {isa = PBXBuildFile; fileRef = 400E63A91208B6930070AACD /* preferences.xib */; };
		401D7ADB1209F657006F618F /* AMSerialPort.m in Sources */ = {isa = PBXBuildFile; fileRef = 401D7ACF1209F657006F618F /* AMSerialPort.m */; };
		401D7ADC1209F657006F618F /* AMSerialPort_Deprecated.m in Sources */ = {isa = PBXBuildFile; fileRef = 401D7AD11209F657006F618F /* AMSerialPort_Deprecated.m */; };
		401D7ADD1209F657006F618F /* AMSerialPortAdditions.m in Sources */ = {isa = PBXBuildFile; fileRef = 401D7AD31209F657006F618F /* AMSerialPortAdditions.m */; };
		401D7ADE1209F657006F618F /* AMSerialPortList.m in Sources */ = {isa = PBXBuildFile; fileRef = 401D7AD51209F657006F618F /* AMSerialPortList.m */; };
		401D7ADF1209F657006F618F /* AMSerialPortList_Deprecated.m in Sources */ = {isa = PBXBuildFile; fileRef = 401D7AD71209F657006F618F /* AMSerialPortList_Deprecated.m */; };
		401D7AE01209F657006F618F /* AMStandardEnumerator.m in Sources */ = {isa = PBXBuildFile; fileRef = 401D7AD91209F657006F618F /* AMStandardEnumerator.m */; };
		401D7AE11209F657006F618F /* BSD License.txt in Resources */ = {isa = PBXBuildFile; fileRef = 401D7ADA1209F657006F618F /* BSD License.txt */; };
		401D7AEA1209F6B0006F618F /* IOKit.framework in Frameworks */ = {isa = PBXBuildFile; fileRef = 401D7AE91209F6B0006F618F /* IOKit.framework */; };
		8D11072B0486CEB800E47090 /* InfoPlist.strings in Resources */ = {isa = PBXBuildFile; fileRef = 089C165CFE840E0CC02AAC07 /* InfoPlist.strings */; };
		8D11072D0486CEB800E47090 /* main.m in Sources */ = {isa = PBXBuildFile; fileRef = 29B97316FDCFA39411CA2CEA /* main.m */; settings = {ATTRIBUTES = (); }; };
		8D11072F0486CEB800E47090 /* Cocoa.framework in Frameworks */ = {isa = PBXBuildFile; fileRef = 1058C7A1FEA54F0111CA2CBB /* Cocoa.framework */; };
/* End PBXBuildFile section */

/* Begin PBXFileReference section */
		089C165DFE840E0CC02AAC07 /* English */ = {isa = PBXFileReference; fileEncoding = 10; lastKnownFileType = text.plist.strings; name = English; path = English.lproj/InfoPlist.strings; sourceTree = "<group>"; };
		1058C7A1FEA54F0111CA2CBB /* Cocoa.framework */ = {isa = PBXFileReference; lastKnownFileType = wrapper.framework; name = Cocoa.framework; path = /System/Library/Frameworks/Cocoa.framework; sourceTree = "<absolute>"; };
		1DDD58150DA1D0A300B32029 /* English */ = {isa = PBXFileReference; lastKnownFileType = file.xib; name = English; path = English.lproj/MainMenu.xib; sourceTree = "<group>"; };
		29B97316FDCFA39411CA2CEA /* main.m */ = {isa = PBXFileReference; fileEncoding = 4; lastKnownFileType = sourcecode.c.objc; path = main.m; sourceTree = "<group>"; };
		29B97324FDCFA39411CA2CEA /* AppKit.framework */ = {isa = PBXFileReference; lastKnownFileType = wrapper.framework; name = AppKit.framework; path = /System/Library/Frameworks/AppKit.framework; sourceTree = "<absolute>"; };
		29B97325FDCFA39411CA2CEA /* Foundation.framework */ = {isa = PBXFileReference; lastKnownFileType = wrapper.framework; name = Foundation.framework; path = /System/Library/Frameworks/Foundation.framework; sourceTree = "<absolute>"; };
		32CA4F630368D1EE00C91783 /* BP_Prefix.pch */ = {isa = PBXFileReference; fileEncoding = 4; lastKnownFileType = sourcecode.c.h; path = BP_Prefix.pch; sourceTree = "<group>"; };
		400E63A91208B6930070AACD /* preferences.xib */ = {isa = PBXFileReference; lastKnownFileType = file.xib; path = preferences.xib; sourceTree = "<group>"; };
		401D7ACC1209F657006F618F /* AMSDKCompatibility.h */ = {isa = PBXFileReference; fileEncoding = 4; lastKnownFileType = sourcecode.c.h; name = AMSDKCompatibility.h; path = "AMSerial (Andreas Mayer)/AMSDKCompatibility.h"; sourceTree = "<group>"; };
		401D7ACD1209F657006F618F /* AMSerialErrors.h */ = {isa = PBXFileReference; fileEncoding = 4; lastKnownFileType = sourcecode.c.h; name = AMSerialErrors.h; path = "AMSerial (Andreas Mayer)/AMSerialErrors.h"; sourceTree = "<group>"; };
		401D7ACE1209F657006F618F /* AMSerialPort.h */ = {isa = PBXFileReference; fileEncoding = 4; lastKnownFileType = sourcecode.c.h; name = AMSerialPort.h; path = "AMSerial (Andreas Mayer)/AMSerialPort.h"; sourceTree = "<group>"; };
		401D7ACF1209F657006F618F /* AMSerialPort.m */ = {isa = PBXFileReference; fileEncoding = 4; lastKnownFileType = sourcecode.c.objc; name = AMSerialPort.m; path = "AMSerial (Andreas Mayer)/AMSerialPort.m"; sourceTree = "<group>"; };
		401D7AD01209F657006F618F /* AMSerialPort_Deprecated.h */ = {isa = PBXFileReference; fileEncoding = 4; lastKnownFileType = sourcecode.c.h; name = AMSerialPort_Deprecated.h; path = "AMSerial (Andreas Mayer)/AMSerialPort_Deprecated.h"; sourceTree = "<group>"; };
		401D7AD11209F657006F618F /* AMSerialPort_Deprecated.m */ = {isa = PBXFileReference; fileEncoding = 4; lastKnownFileType = sourcecode.c.objc; name = AMSerialPort_Deprecated.m; path = "AMSerial (Andreas Mayer)/AMSerialPort_Deprecated.m"; sourceTree = "<group>"; };
		401D7AD21209F657006F618F /* AMSerialPortAdditions.h */ = {isa = PBXFileReference; fileEncoding = 4; lastKnownFileType = sourcecode.c.h; name = AMSerialPortAdditions.h; path = "AMSerial (Andreas Mayer)/AMSerialPortAdditions.h"; sourceTree = "<group>"; };
		401D7AD31209F657006F618F /* AMSerialPortAdditions.m */ = {isa = PBXFileReference; fileEncoding = 4; lastKnownFileType = sourcecode.c.objc; name = AMSerialPortAdditions.m; path = "AMSerial (Andreas Mayer)/AMSerialPortAdditions.m"; sourceTree = "<group>"; };
		401D7AD41209F657006F618F /* AMSerialPortList.h */ = {isa = PBXFileReference; fileEncoding = 4; lastKnownFileType = sourcecode.c.h; name = AMSerialPortList.h; path = "AMSerial (Andreas Mayer)/AMSerialPortList.h"; sourceTree = "<group>"; };
		401D7AD51209F657006F618F /* AMSerialPortList.m */ = {isa = PBXFileReference; fileEncoding = 4; lastKnownFileType = sourcecode.c.objc; name = AMSerialPortList.m; path = "AMSerial (Andreas Mayer)/AMSerialPortList.m"; sourceTree = "<group>"; };
		401D7AD61209F657006F618F /* AMSerialPortList_Deprecated.h */ = {isa = PBXFileReference; fileEncoding = 4; lastKnownFileType = sourcecode.c.h; name = AMSerialPortList_Deprecated.h; path = "AMSerial (Andreas Mayer)/AMSerialPortList_Deprecated.h"; sourceTree = "<group>"; };
		401D7AD71209F657006F618F /* AMSerialPortList_Deprecated.m */ = {isa = PBXFileReference; fileEncoding = 4; lastKnownFileType = sourcecode.c.objc; name = AMSerialPortList_Deprecated.m; path = "AMSerial (Andreas Mayer)/AMSerialPortList_Deprecated.m"; sourceTree = "<group>"; };
		401D7AD81209F657006F618F /* AMStandardEnumerator.h */ = {isa = PBXFileReference; fileEncoding = 4; lastKnownFileType = sourcecode.c.h; name = AMStandardEnumerator.h; path = "AMSerial (Andreas Mayer)/AMStandardEnumerator.h"; sourceTree = "<group>"; };
		401D7AD91209F657006F618F /* AMStandardEnumerator.m */ = {isa = PBXFileReference; fileEncoding = 4; lastKnownFileType = sourcecode.c.objc; name = AMStandardEnumerator.m; path = "AMSerial (Andreas Mayer)/AMStandardEnumerator.m"; sourceTree = "<group>"; };
		401D7ADA1209F657006F618F /* BSD License.txt */ = {isa = PBXFileReference; fileEncoding = 4; lastKnownFileType = text; name = "BSD License.txt"; path = "AMSerial (Andreas Mayer)/BSD License.txt"; sourceTree = "<group>"; };
		401D7AE91209F6B0006F618F /* IOKit.framework */ = {isa = PBXFileReference; lastKnownFileType = wrapper.framework; name = IOKit.framework; path = /System/Library/Frameworks/IOKit.framework; sourceTree = "<absolute>"; };
		8D1107310486CEB800E47090 /* Info.plist */ = {isa = PBXFileReference; fileEncoding = 4; lastKnownFileType = text.plist.xml; path = Info.plist; sourceTree = "<group>"; };
		8D1107320486CEB800E47090 /* BP.app */ = {isa = PBXFileReference; explicitFileType = wrapper.application; includeInIndex = 0; path = BP.app; sourceTree = BUILT_PRODUCTS_DIR; };
/* End PBXFileReference section */

/* Begin PBXFrameworksBuildPhase section */
		8D11072E0486CEB800E47090 /* Frameworks */ = {
			isa = PBXFrameworksBuildPhase;
			buildActionMask = 2147483647;
			files = (
				8D11072F0486CEB800E47090 /* Cocoa.framework in Frameworks */,
				401D7AEA1209F6B0006F618F /* IOKit.framework in Frameworks */,
			);
			runOnlyForDeploymentPostprocessing = 0;
		};
/* End PBXFrameworksBuildPhase section */

/* Begin PBXGroup section */
		080E96DDFE201D6D7F000001 /* Classes */ = {
			isa = PBXGroup;
			children = (
			);
			name = Classes;
			sourceTree = "<group>";
		};
		1058C7A0FEA54F0111CA2CBB /* Linked Frameworks */ = {
			isa = PBXGroup;
			children = (
				1058C7A1FEA54F0111CA2CBB /* Cocoa.framework */,
			);
			name = "Linked Frameworks";
			sourceTree = "<group>";
		};
		1058C7A2FEA54F0111CA2CBB /* Other Frameworks */ = {
			isa = PBXGroup;
			children = (
				29B97324FDCFA39411CA2CEA /* AppKit.framework */,
				29B97325FDCFA39411CA2CEA /* Foundation.framework */,
				401D7AE91209F6B0006F618F /* IOKit.framework */,
			);
			name = "Other Frameworks";
			sourceTree = "<group>";
		};
		19C28FACFE9D520D11CA2CBB /* Products */ = {
			isa = PBXGroup;
			children = (
				8D1107320486CEB800E47090 /* BP.app */,
			);
			name = Products;
			sourceTree = "<group>";
		};
		29B97314FDCFA39411CA2CEA /* BP */ = {
			isa = PBXGroup;
			children = (
				080E96DDFE201D6D7F000001 /* Classes */,
				29B97315FDCFA39411CA2CEA /* Other Sources */,
				29B97317FDCFA39411CA2CEA /* Resources */,
				29B97323FDCFA39411CA2CEA /* Frameworks */,
				19C28FACFE9D520D11CA2CBB /* Products */,
				400E63A91208B6930070AACD /* preferences.xib */,
			);
			name = BP;
			sourceTree = "<group>";
		};
		29B97315FDCFA39411CA2CEA /* Other Sources */ = {
			isa = PBXGroup;
			children = (
				401D7A9D1209F479006F618F /* AMSerial (Andreas Mayer) */,
				32CA4F630368D1EE00C91783 /* BP_Prefix.pch */,
				29B97316FDCFA39411CA2CEA /* main.m */,
			);
			name = "Other Sources";
			sourceTree = "<group>";
		};
		29B97317FDCFA39411CA2CEA /* Resources */ = {
			isa = PBXGroup;
			children = (
				8D1107310486CEB800E47090 /* Info.plist */,
				089C165CFE840E0CC02AAC07 /* InfoPlist.strings */,
				1DDD58140DA1D0A300B32029 /* MainMenu.xib */,
			);
			name = Resources;
			sourceTree = "<group>";
		};
		29B97323FDCFA39411CA2CEA /* Frameworks */ = {
			isa = PBXGroup;
			children = (
				1058C7A0FEA54F0111CA2CBB /* Linked Frameworks */,
				1058C7A2FEA54F0111CA2CBB /* Other Frameworks */,
			);
			name = Frameworks;
			sourceTree = "<group>";
		};
		401D7A9D1209F479006F618F /* AMSerial (Andreas Mayer) */ = {
			isa = PBXGroup;
			children = (
				401D7ACC1209F657006F618F /* AMSDKCompatibility.h */,
				401D7ACD1209F657006F618F /* AMSerialErrors.h */,
				401D7ACE1209F657006F618F /* AMSerialPort.h */,
				401D7ACF1209F657006F618F /* AMSerialPort.m */,
				401D7AD01209F657006F618F /* AMSerialPort_Deprecated.h */,
				401D7AD11209F657006F618F /* AMSerialPort_Deprecated.m */,
				401D7AD21209F657006F618F /* AMSerialPortAdditions.h */,
				401D7AD31209F657006F618F /* AMSerialPortAdditions.m */,
				401D7AD41209F657006F618F /* AMSerialPortList.h */,
				401D7AD51209F657006F618F /* AMSerialPortList.m */,
				401D7AD61209F657006F618F /* AMSerialPortList_Deprecated.h */,
				401D7AD71209F657006F618F /* AMSerialPortList_Deprecated.m */,
				401D7AD81209F657006F618F /* AMStandardEnumerator.h */,
				401D7AD91209F657006F618F /* AMStandardEnumerator.m */,
				401D7ADA1209F657006F618F /* BSD License.txt */,
			);
			name = "AMSerial (Andreas Mayer)";
			sourceTree = "<group>";
		};
/* End PBXGroup section */

/* Begin PBXNativeTarget section */
		8D1107260486CEB800E47090 /* BP */ = {
			isa = PBXNativeTarget;
			buildConfigurationList = C01FCF4A08A954540054247B /* Build configuration list for PBXNativeTarget "BP" */;
			buildPhases = (
				8D1107290486CEB800E47090 /* Resources */,
				8D11072C0486CEB800E47090 /* Sources */,
				8D11072E0486CEB800E47090 /* Frameworks */,
			);
			buildRules = (
			);
			dependencies = (
			);
			name = BP;
			productInstallPath = "$(HOME)/Applications";
			productName = BP;
			productReference = 8D1107320486CEB800E47090 /* BP.app */;
			productType = "com.apple.product-type.application";
		};
/* End PBXNativeTarget section */

/* Begin PBXProject section */
		29B97313FDCFA39411CA2CEA /* Project object */ = {
			isa = PBXProject;
			buildConfigurationList = C01FCF4E08A954540054247B /* Build configuration list for PBXProject "BP" */;
			compatibilityVersion = "Xcode 3.1";
			hasScannedForEncodings = 1;
			mainGroup = 29B97314FDCFA39411CA2CEA /* BP */;
			projectDirPath = "";
			projectRoot = "";
			targets = (
				8D1107260486CEB800E47090 /* BP */,
			);
		};
/* End PBXProject section */

/* Begin PBXResourcesBuildPhase section */
		8D1107290486CEB800E47090 /* Resources */ = {
			isa = PBXResourcesBuildPhase;
			buildActionMask = 2147483647;
			files = (
				8D11072B0486CEB800E47090 /* InfoPlist.strings in Resources */,
				1DDD58160DA1D0A300B32029 /* MainMenu.xib in Resources */,
				400E63AA1208B6930070AACD /* preferences.xib in Resources */,
				401D7AE11209F657006F618F /* BSD License.txt in Resources */,
			);
			runOnlyForDeploymentPostprocessing = 0;
		};
/* End PBXResourcesBuildPhase section */

/* Begin PBXSourcesBuildPhase section */
		8D11072C0486CEB800E47090 /* Sources */ = {
			isa = PBXSourcesBuildPhase;
			buildActionMask = 2147483647;
			files = (
				8D11072D0486CEB800E47090 /* main.m in Sources */,
				401D7ADB1209F657006F618F /* AMSerialPort.m in Sources */,
				401D7ADC1209F657006F618F /* AMSerialPort_Deprecated.m in Sources */,
				401D7ADD1209F657006F618F /* AMSerialPortAdditions.m in Sources */,
				401D7ADE1209F657006F618F /* AMSerialPortList.m in Sources */,
				401D7ADF1209F657006F618F /* AMSerialPortList_Deprecated.m in Sources */,
				401D7AE01209F657006F618F /* AMStandardEnumerator.m in Sources */,
			);
			runOnlyForDeploymentPostprocessing = 0;
		};
/* End PBXSourcesBuildPhase section */

/* Begin PBXVariantGroup section */
		089C165CFE840E0CC02AAC07 /* InfoPlist.strings */ = {
			isa = PBXVariantGroup;
			children = (
				089C165DFE840E0CC02AAC07 /* English */,
			);
			name = InfoPlist.strings;
			sourceTree = "<group>";
		};
		1DDD58140DA1D0A300B32029 /* MainMenu.xib */ = {
			isa = PBXVariantGroup;
			children = (
				1DDD58150DA1D0A300B32029 /* English */,
			);
			name = MainMenu.xib;
			sourceTree = "<group>";
		};
/* End PBXVariantGroup section */

/* Begin XCBuildConfiguration section */
		C01FCF4B08A954540054247B /* Debug */ = {
			isa = XCBuildConfiguration;
			buildSettings = {
				ALWAYS_SEARCH_USER_PATHS = NO;
				COPY_PHASE_STRIP = NO;
				GCC_DYNAMIC_NO_PIC = NO;
				GCC_ENABLE_FIX_AND_CONTINUE = YES;
				GCC_MODEL_TUNING = G5;
				GCC_OPTIMIZATION_LEVEL = 0;
				GCC_PRECOMPILE_PREFIX_HEADER = YES;
				GCC_PREFIX_HEADER = BP_Prefix.pch;
				INFOPLIST_FILE = Info.plist;
				INSTALL_PATH = "$(HOME)/Applications";
				PRODUCT_NAME = BP;
			};
			name = Debug;
		};
		C01FCF4C08A954540054247B /* Release */ = {
			isa = XCBuildConfiguration;
			buildSettings = {
				ALWAYS_SEARCH_USER_PATHS = NO;
				DEBUG_INFORMATION_FORMAT = "dwarf-with-dsym";
				GCC_MODEL_TUNING = G5;
				GCC_PRECOMPILE_PREFIX_HEADER = YES;
				GCC_PREFIX_HEADER = BP_Prefix.pch;
				INFOPLIST_FILE = Info.plist;
				INSTALL_PATH = "$(HOME)/Applications";
				PRODUCT_NAME = BP;
			};
			name = Release;
		};
		C01FCF4F08A954540054247B /* Debug */ = {
			isa = XCBuildConfiguration;
			buildSettings = {
				ARCHS = "$(ARCHS_STANDARD_32_BIT)";
				GCC_C_LANGUAGE_STANDARD = c99;
				GCC_OPTIMIZATION_LEVEL = 0;
				GCC_WARN_ABOUT_RETURN_TYPE = YES;
				GCC_WARN_UNUSED_VARIABLE = YES;
				ONLY_ACTIVE_ARCH = YES;
				PREBINDING = NO;
				SDKROOT = macosx10.5;
			};
			name = Debug;
		};
		C01FCF5008A954540054247B /* Release */ = {
			isa = XCBuildConfiguration;
			buildSettings = {
				ARCHS = "$(ARCHS_STANDARD_32_BIT)";
				GCC_C_LANGUAGE_STANDARD = c99;
				GCC_WARN_ABOUT_RETURN_TYPE = YES;
				GCC_WARN_UNUSED_VARIABLE = YES;
				PREBINDING = NO;
				SDKROOT = macosx10.5;
			};
			name = Release;
		};
/* End XCBuildConfiguration section */

/* Begin XCConfigurationList section */
		C01FCF4A08A954540054247B /* Build configuration list for PBXNativeTarget "BP" */ = {
			isa = XCConfigurationList;
			buildConfigurations = (
				C01FCF4B08A954540054247B /* Debug */,
				C01FCF4C08A954540054247B /* Release */,
			);
			defaultConfigurationIsVisible = 0;
			defaultConfigurationName = Release;
		};
		C01FCF4E08A954540054247B /* Build configuration list for PBXProject "BP" */ = {
			isa = XCConfigurationList;
			buildConfigurations = (
				C01FCF4F08A954540054247B /* Debug */,
				C01FCF5008A954540054247B /* Release */,
			);
			defaultConfigurationIsVisible = 0;
			defaultConfigurationName = Release;
		};
/* End XCConfigurationList section */
	};
	rootObject = 29B97313FDCFA39411CA2CEA /* Project object */;
}
